
Microsoft Visual Studio Solution File, Format Version 12.00
# Visual Studio Version 16
VisualStudioVersion = 16.0.30413.136
MinimumVisualStudioVersion = 10.0.40219.1
Project("{FAE04EC0-301F-11D3-BF4B-00C04F79EFBC}") = "ASP.NET.Core.MVC", "ASP.NET.Core.MVC.csproj", "{F43C5388-C2D1-49A5-ACD0-ECE633188221}"
EndProject
Global
	GlobalSection(SolutionConfigurationPlatforms) = preSolution
		Debug|Any CPU = Debug|Any CPU
		Release|Any CPU = Release|Any CPU
	EndGlobalSection
	GlobalSection(ProjectConfigurationPlatforms) = postSolution
		{F43C5388-C2D1-49A5-ACD0-ECE633188221}.Debug|Any CPU.ActiveCfg = Debug|Any CPU
		{F43C5388-C2D1-49A5-ACD0-ECE633188221}.Debug|Any CPU.Build.0 = Debug|Any CPU
		{F43C5388-C2D1-49A5-ACD0-ECE633188221}.Release|Any CPU.ActiveCfg = Release|Any CPU
		{F43C5388-C2D1-49A5-ACD0-ECE633188221}.Release|Any CPU.Build.0 = Release|Any CPU
	EndGlobalSection
	GlobalSection(SolutionProperties) = preSolution
		HideSolutionNode = FALSE
	EndGlobalSection
	GlobalSection(ExtensibilityGlobals) = postSolution
		SolutionGuid = {7A5BC82A-325E-4FE8-8A96-840140CFFCFD}
	EndGlobalSection
EndGlobal
